// !$*UTF8*$!
{
	archiveVersion = 1;
	classes = {
	};
	objectVersion = 46;
	objects = {

/* Begin PBXBuildFile section */
		BAFAC50F1D72716E00113DAD /* main.swift in Sources */ = {isa = PBXBuildFile; fileRef = BAFAC50E1D72716E00113DAD /* main.swift */; };
		BAFAC5161D72719700113DAD /* Node.swift in Sources */ = {isa = PBXBuildFile; fileRef = BAFAC5151D72719700113DAD /* Node.swift */; };
		BAFAC5181D72719D00113DAD /* Tree.swift in Sources */ = {isa = PBXBuildFile; fileRef = BAFAC5171D72719D00113DAD /* Tree.swift */; };
/* End PBXBuildFile section */

/* Begin PBXCopyFilesBuildPhase section */
		BAFAC5091D72716E00113DAD /* CopyFiles */ = {
			isa = PBXCopyFilesBuildPhase;
			buildActionMask = 2147483647;
			dstPath = /usr/share/man/man1/;
			dstSubfolderSpec = 0;
			files = (
			);
			runOnlyForDeploymentPostprocessing = 1;
		};
/* End PBXCopyFilesBuildPhase section */

/* Begin PBXFileReference section */
		BAFAC50B1D72716E00113DAD /* play-with-binary-tree */ = {isa = PBXFileReference; explicitFileType = "compiled.mach-o.executable"; includeInIndex = 0; path = "play-with-binary-tree"; sourceTree = BUILT_PRODUCTS_DIR; };
		BAFAC50E1D72716E00113DAD /* main.swift */ = {isa = PBXFileReference; lastKnownFileType = sourcecode.swift; path = main.swift; sourceTree = "<group>"; };
		BAFAC5151D72719700113DAD /* Node.swift */ = {isa = PBXFileReference; fileEncoding = 4; lastKnownFileType = sourcecode.swift; path = Node.swift; sourceTree = "<group>"; };
		BAFAC5171D72719D00113DAD /* Tree.swift */ = {isa = PBXFileReference; fileEncoding = 4; lastKnownFileType = sourcecode.swift; path = Tree.swift; sourceTree = "<group>"; };
/* End PBXFileReference section */

/* Begin PBXFrameworksBuildPhase section */
		BAFAC5081D72716E00113DAD /* Frameworks */ = {
			isa = PBXFrameworksBuildPhase;
			buildActionMask = 2147483647;
			files = (
			);
			runOnlyForDeploymentPostprocessing = 0;
		};
/* End PBXFrameworksBuildPhase section */

/* Begin PBXGroup section */
		BAFAC5021D72716E00113DAD = {
			isa = PBXGroup;
			children = (
				BAFAC50D1D72716E00113DAD /* play-with-binary-tree */,
				BAFAC50C1D72716E00113DAD /* Products */,
			);
			sourceTree = "<group>";
		};
		BAFAC50C1D72716E00113DAD /* Products */ = {
			isa = PBXGroup;
			children = (
				BAFAC50B1D72716E00113DAD /* play-with-binary-tree */,
			);
			name = Products;
			sourceTree = "<group>";
		};
		BAFAC50D1D72716E00113DAD /* play-with-binary-tree */ = {
			isa = PBXGroup;
			children = (
				BAFAC50E1D72716E00113DAD /* main.swift */,
				BAFAC5151D72719700113DAD /* Node.swift */,
				BAFAC5171D72719D00113DAD /* Tree.swift */,
			);
			path = "play-with-binary-tree";
			sourceTree = "<group>";
		};
/* End PBXGroup section */

/* Begin PBXNativeTarget section */
		BAFAC50A1D72716E00113DAD /* play-with-binary-tree */ = {
			isa = PBXNativeTarget;
			buildConfigurationList = BAFAC5121D72716E00113DAD /* Build configuration list for PBXNativeTarget "play-with-binary-tree" */;
			buildPhases = (
				BAFAC5071D72716E00113DAD /* Sources */,
				BAFAC5081D72716E00113DAD /* Frameworks */,
				BAFAC5091D72716E00113DAD /* CopyFiles */,
			);
			buildRules = (
			);
			dependencies = (
			);
			name = "play-with-binary-tree";
			productName = "play-with-binary-tree";
			productReference = BAFAC50B1D72716E00113DAD /* play-with-binary-tree */;
			productType = "com.apple.product-type.tool";
		};
/* End PBXNativeTarget section */

/* Begin PBXProject section */
		BAFAC5031D72716E00113DAD /* Project object */ = {
			isa = PBXProject;
			attributes = {
				LastSwiftUpdateCheck = 0730;
				LastUpgradeCheck = 0730;
				ORGANIZATIONNAME = FIS;
				TargetAttributes = {
					BAFAC50A1D72716E00113DAD = {
						CreatedOnToolsVersion = 7.3.1;
					};
				};
			};
			buildConfigurationList = BAFAC5061D72716E00113DAD /* Build configuration list for PBXProject "play-with-binary-tree" */;
			compatibilityVersion = "Xcode 3.2";
			developmentRegion = English;
			hasScannedForEncodings = 0;
			knownRegions = (
				en,
			);
			mainGroup = BAFAC5021D72716E00113DAD;
			productRefGroup = BAFAC50C1D72716E00113DAD /* Products */;
			projectDirPath = "";
			projectRoot = "";
			targets = (
				BAFAC50A1D72716E00113DAD /* play-with-binary-tree */,
			);
		};
/* End PBXProject section */

/* Begin PBXSourcesBuildPhase section */
		BAFAC5071D72716E00113DAD /* Sources */ = {
			isa = PBXSourcesBuildPhase;
			buildActionMask = 2147483647;
			files = (
				BAFAC50F1D72716E00113DAD /* main.swift in Sources */,
				BAFAC5161D72719700113DAD /* Node.swift in Sources */,
				BAFAC5181D72719D00113DAD /* Tree.swift in Sources */,
			);
			runOnlyForDeploymentPostprocessing = 0;
		};
/* End PBXSourcesBuildPhase section */

/* Begin XCBuildConfiguration section */
		BAFAC5101D72716E00113DAD /* Debug */ = {
			isa = XCBuildConfiguration;
			buildSettings = {
				ALWAYS_SEARCH_USER_PATHS = NO;
				CLANG_ANALYZER_NONNULL = YES;
				CLANG_CXX_LANGUAGE_STANDARD = "gnu++0x";
				CLANG_CXX_LIBRARY = "libc++";
				CLANG_ENABLE_MODULES = YES;
				CLANG_ENABLE_OBJC_ARC = YES;
				CLANG_WARN_BOOL_CONVERSION = YES;
				CLANG_WARN_CONSTANT_CONVERSION = YES;
				CLANG_WARN_DIRECT_OBJC_ISA_USAGE = YES_ERROR;
				CLANG_WARN_EMPTY_BODY = YES;
				CLANG_WARN_ENUM_CONVERSION = YES;
				CLANG_WARN_INT_CONVERSION = YES;
				CLANG_WARN_OBJC_ROOT_CLASS = YES_ERROR;
				CLANG_WARN_UNREACHABLE_CODE = YES;
				CLANG_WARN__DUPLICATE_METHOD_MATCH = YES;
				CODE_SIGN_IDENTITY = "-";
				COPY_PHASE_STRIP = NO;
				DEBUG_INFORMATION_FORMAT = dwarf;
				ENABLE_STRICT_OBJC_MSGSEND = YES;
				ENABLE_TESTABILITY = YES;
				GCC_C_LANGUAGE_STANDARD = gnu99;
				GCC_DYNAMIC_NO_PIC = NO;
				GCC_NO_COMMON_BLOCKS = YES;
				GCC_OPTIMIZATION_LEVEL = 0;
				GCC_PREPROCESSOR_DEFINITIONS = (
					"DEBUG=1",
					"$(inherited)",
				);
				GCC_WARN_64_TO_32_BIT_CONVERSION = YES;
				GCC_WARN_ABOUT_RETURN_TYPE = YES_ERROR;
				GCC_WARN_UNDECLARED_SELECTOR = YES;
				GCC_WARN_UNINITIALIZED_AUTOS = YES_AGGRESSIVE;
				GCC_WARN_UNUSED_FUNCTION = YES;
				GCC_WARN_UNUSED_VARIABLE = YES;
				MACOSX_DEPLOYMENT_TARGET = 10.11;
				MTL_ENABLE_DEBUG_INFO = YES;
				ONLY_ACTIVE_ARCH = YES;
				SDKROOT = macosx;
				SWIFT_OPTIMIZATION_LEVEL = "-Onone";
			};
			name = Debug;
		};
		BAFAC5111D72716E00113DAD /* Release */ = {
			isa = XCBuildConfiguration;
			buildSettings = {
				ALWAYS_SEARCH_USER_PATHS = NO;
				CLANG_ANALYZER_NONNULL = YES;
				CLANG_CXX_LANGUAGE_STANDARD = "gnu++0x";
				CLANG_CXX_LIBRARY = "libc++";
				CLANG_ENABLE_MODULES = YES;
				CLANG_ENABLE_OBJC_ARC = YES;
				CLANG_WARN_BOOL_CONVERSION = YES;
				CLANG_WARN_CONSTANT_CONVERSION = YES;
				CLANG_WARN_DIRECT_OBJC_ISA_USAGE = YES_ERROR;
				CLANG_WARN_EMPTY_BODY = YES;
				CLANG_WARN_ENUM_CONVERSION = YES;
				CLANG_WARN_INT_CONVERSION = YES;
				CLANG_WARN_OBJC_ROOT_CLASS = YES_ERROR;
				CLANG_WARN_UNREACHABLE_CODE = YES;
				CLANG_WARN__DUPLICATE_METHOD_MATCH = YES;
				CODE_SIGN_IDENTITY = "-";
				COPY_PHASE_STRIP = NO;
				DEBUG_INFORMATION_FORMAT = "dwarf-with-dsym";
				ENABLE_NS_ASSERTIONS = NO;
				ENABLE_STRICT_OBJC_MSGSEND = YES;
				GCC_C_LANGUAGE_STANDARD = gnu99;
				GCC_NO_COMMON_BLOCKS = YES;
				GCC_WARN_64_TO_32_BIT_CONVERSION = YES;
				GCC_WARN_ABOUT_RETURN_TYPE = YES_ERROR;
				GCC_WARN_UNDECLARED_SELECTOR = YES;
				GCC_WARN_UNINITIALIZED_AUTOS = YES_AGGRESSIVE;
				GCC_WARN_UNUSED_FUNCTION = YES;
				GCC_WARN_UNUSED_VARIABLE = YES;
				MACOSX_DEPLOYMENT_TARGET = 10.11;
				MTL_ENABLE_DEBUG_INFO = NO;
				SDKROOT = macosx;
			};
			name = Release;
		};
		BAFAC5131D72716E00113DAD /* Debug */ = {
			isa = XCBuildConfiguration;
			buildSettings = {
				PRODUCT_NAME = "$(TARGET_NAME)";
			};
			name = Debug;
		};
		BAFAC5141D72716E00113DAD /* Release */ = {
			isa = XCBuildConfiguration;
			buildSettings = {
				PRODUCT_NAME = "$(TARGET_NAME)";
			};
			name = Release;
		};
/* End XCBuildConfiguration section */

/* Begin XCConfigurationList section */
		BAFAC5061D72716E00113DAD /* Build configuration list for PBXProject "play-with-binary-tree" */ = {
			isa = XCConfigurationList;
			buildConfigurations = (
				BAFAC5101D72716E00113DAD /* Debug */,
				BAFAC5111D72716E00113DAD /* Release */,
			);
			defaultConfigurationIsVisible = 0;
			defaultConfigurationName = Release;
		};
		BAFAC5121D72716E00113DAD /* Build configuration list for PBXNativeTarget "play-with-binary-tree" */ = {
			isa = XCConfigurationList;
			buildConfigurations = (
				BAFAC5131D72716E00113DAD /* Debug */,
				BAFAC5141D72716E00113DAD /* Release */,
			);
			defaultConfigurationIsVisible = 0;
		};
/* End XCConfigurationList section */
	};
	rootObject = BAFAC5031D72716E00113DAD /* Project object */;
}
